
Microsoft Visual Studio Solution File, Format Version 12.00
# Visual Studio 15
VisualStudioVersion = 15.0.28016.0
MinimumVisualStudioVersion = 10.0.40219.1
Project("{9A19103F-16F7-4668-BE54-9A1E7A4F7556}") = "AzureFunction", "AzureFunction\AzureFunction.csproj", "{16B61139-77BE-4DDE-B471-F9042DAE1886}"
EndProject
Project("{9A19103F-16F7-4668-BE54-9A1E7A4F7556}") = "Data", "Data\Data.csproj", "{788A3A47-6224-4369-A740-931D361F9BAD}"
EndProject
Project("{9A19103F-16F7-4668-BE54-9A1E7A4F7556}") = "Data.UnitTests", "Data.UnitTests\Data.UnitTests.csproj", "{A0F05CC4-4876-44C8-87C0-3B11E4905FE3}"
EndProject
Project("{9A19103F-16F7-4668-BE54-9A1E7A4F7556}") = "AzureFunction.UnitTests", "AzureFunction.UnitTests\AzureFunction.UnitTests.csproj", "{260996C5-9CDF-46CA-A087-FE246E389C08}"
EndProject
Project("{FAE04EC0-301F-11D3-BF4B-00C04F79EFBC}") = "AzureFunction.AcceptanceTests", "AzureFunction.AcceptanceTests\AzureFunction.AcceptanceTests.csproj", "{1B058DC7-F8B7-4FB2-85F4-96E398391E4A}"
EndProject
Global
	GlobalSection(SolutionConfigurationPlatforms) = preSolution
		Debug|Any CPU = Debug|Any CPU
		Release|Any CPU = Release|Any CPU
	EndGlobalSection
	GlobalSection(ProjectConfigurationPlatforms) = postSolution
		{16B61139-77BE-4DDE-B471-F9042DAE1886}.Debug|Any CPU.ActiveCfg = Debug|Any CPU
		{16B61139-77BE-4DDE-B471-F9042DAE1886}.Debug|Any CPU.Build.0 = Debug|Any CPU
		{16B61139-77BE-4DDE-B471-F9042DAE1886}.Release|Any CPU.ActiveCfg = Release|Any CPU
		{16B61139-77BE-4DDE-B471-F9042DAE1886}.Release|Any CPU.Build.0 = Release|Any CPU
		{788A3A47-6224-4369-A740-931D361F9BAD}.Debug|Any CPU.ActiveCfg = Debug|Any CPU
		{788A3A47-6224-4369-A740-931D361F9BAD}.Debug|Any CPU.Build.0 = Debug|Any CPU
		{788A3A47-6224-4369-A740-931D361F9BAD}.Release|Any CPU.ActiveCfg = Release|Any CPU
		{788A3A47-6224-4369-A740-931D361F9BAD}.Release|Any CPU.Build.0 = Release|Any CPU
		{A0F05CC4-4876-44C8-87C0-3B11E4905FE3}.Debug|Any CPU.ActiveCfg = Debug|Any CPU
		{A0F05CC4-4876-44C8-87C0-3B11E4905FE3}.Debug|Any CPU.Build.0 = Debug|Any CPU
		{A0F05CC4-4876-44C8-87C0-3B11E4905FE3}.Release|Any CPU.ActiveCfg = Release|Any CPU
		{A0F05CC4-4876-44C8-87C0-3B11E4905FE3}.Release|Any CPU.Build.0 = Release|Any CPU
		{260996C5-9CDF-46CA-A087-FE246E389C08}.Debug|Any CPU.ActiveCfg = Debug|Any CPU
		{260996C5-9CDF-46CA-A087-FE246E389C08}.Debug|Any CPU.Build.0 = Debug|Any CPU
		{260996C5-9CDF-46CA-A087-FE246E389C08}.Release|Any CPU.ActiveCfg = Release|Any CPU
		{260996C5-9CDF-46CA-A087-FE246E389C08}.Release|Any CPU.Build.0 = Release|Any CPU
		{1B058DC7-F8B7-4FB2-85F4-96E398391E4A}.Debug|Any CPU.ActiveCfg = Debug|Any CPU
		{1B058DC7-F8B7-4FB2-85F4-96E398391E4A}.Debug|Any CPU.Build.0 = Debug|Any CPU
		{1B058DC7-F8B7-4FB2-85F4-96E398391E4A}.Release|Any CPU.ActiveCfg = Release|Any CPU
		{1B058DC7-F8B7-4FB2-85F4-96E398391E4A}.Release|Any CPU.Build.0 = Release|Any CPU
	EndGlobalSection
	GlobalSection(SolutionProperties) = preSolution
		HideSolutionNode = FALSE
	EndGlobalSection
	GlobalSection(ExtensibilityGlobals) = postSolution
		SolutionGuid = {82F89841-A179-4C04-B49E-A59A2F8F5221}
	EndGlobalSection
EndGlobal
